
Microsoft Visual Studio Solution File, Format Version 12.00
# Visual Studio 15
VisualStudioVersion = 15.0.28307.572
MinimumVisualStudioVersion = 10.0.40219.1
Project("{FAE04EC0-301F-11D3-BF4B-00C04F79EFBC}") = "People.Android", "People\People.Android\People.Android.csproj", "{91BD814F-0B78-43CD-8776-DC889ABC4E36}"
EndProject
Project("{FAE04EC0-301F-11D3-BF4B-00C04F79EFBC}") = "People", "People\People\People.csproj", "{FBBB0F4E-8310-4B40-B43B-8614CC8671A2}"
EndProject
Global
	GlobalSection(SolutionConfigurationPlatforms) = preSolution
		Debug|Any CPU = Debug|Any CPU
		Release|Any CPU = Release|Any CPU
	EndGlobalSection
	GlobalSection(ProjectConfigurationPlatforms) = postSolution
		{91BD814F-0B78-43CD-8776-DC889ABC4E36}.Debug|Any CPU.ActiveCfg = Debug|Any CPU
		{91BD814F-0B78-43CD-8776-DC889ABC4E36}.Debug|Any CPU.Build.0 = Debug|Any CPU
		{91BD814F-0B78-43CD-8776-DC889ABC4E36}.Debug|Any CPU.Deploy.0 = Debug|Any CPU
		{91BD814F-0B78-43CD-8776-DC889ABC4E36}.Release|Any CPU.ActiveCfg = Release|Any CPU
		{91BD814F-0B78-43CD-8776-DC889ABC4E36}.Release|Any CPU.Build.0 = Release|Any CPU
		{91BD814F-0B78-43CD-8776-DC889ABC4E36}.Release|Any CPU.Deploy.0 = Release|Any CPU
		{FBBB0F4E-8310-4B40-B43B-8614CC8671A2}.Debug|Any CPU.ActiveCfg = Debug|Any CPU
		{FBBB0F4E-8310-4B40-B43B-8614CC8671A2}.Debug|Any CPU.Build.0 = Debug|Any CPU
		{FBBB0F4E-8310-4B40-B43B-8614CC8671A2}.Debug|Any CPU.Deploy.0 = Debug|Any CPU
		{FBBB0F4E-8310-4B40-B43B-8614CC8671A2}.Release|Any CPU.ActiveCfg = Release|Any CPU
		{FBBB0F4E-8310-4B40-B43B-8614CC8671A2}.Release|Any CPU.Build.0 = Release|Any CPU
		{FBBB0F4E-8310-4B40-B43B-8614CC8671A2}.Release|Any CPU.Deploy.0 = Release|Any CPU
	EndGlobalSection
	GlobalSection(SolutionProperties) = preSolution
		HideSolutionNode = FALSE
	EndGlobalSection
	GlobalSection(ExtensibilityGlobals) = postSolution
		SolutionGuid = {7D2707BA-39E4-4701-A4CD-ACF9FEF6E373}
	EndGlobalSection
EndGlobal
